
Microsoft Visual Studio Solution File, Format Version 12.00
# Visual Studio Version 17
VisualStudioVersion = 17.14.36414.22 d17.14
MinimumVisualStudioVersion = 10.0.40219.1
Project("{FAE04EC0-301F-11D3-BF4B-00C04F79EFBC}") = "TerraTome", "TerraTome\TerraTome\TerraTome.csproj", "{5098B8B5-6090-4E12-9D52-A2E66C015707}"
EndProject
Project("{FAE04EC0-301F-11D3-BF4B-00C04F79EFBC}") = "TerraTome.Desktop", "TerraTome\TerraTome.Desktop\TerraTome.Desktop.csproj", "{D023D064-C957-44B3-8B3D-A688F4CF3C80}"
EndProject
Project("{FAE04EC0-301F-11D3-BF4B-00C04F79EFBC}") = "TerraTome.Domain", "TerraTome.Domain\TerraTome.Domain.csproj", "{F35DF605-5EA5-43E0-8D51-F7AFE613E62D}"
EndProject
Global
	GlobalSection(SolutionConfigurationPlatforms) = preSolution
		Debug|Any CPU = Debug|Any CPU
		Release|Any CPU = Release|Any CPU
	EndGlobalSection
	GlobalSection(ProjectConfigurationPlatforms) = postSolution
		{5098B8B5-6090-4E12-9D52-A2E66C015707}.Debug|Any CPU.ActiveCfg = Debug|Any CPU
		{5098B8B5-6090-4E12-9D52-A2E66C015707}.Debug|Any CPU.Build.0 = Debug|Any CPU
		{5098B8B5-6090-4E12-9D52-A2E66C015707}.Release|Any CPU.ActiveCfg = Release|Any CPU
		{5098B8B5-6090-4E12-9D52-A2E66C015707}.Release|Any CPU.Build.0 = Release|Any CPU
		{D023D064-C957-44B3-8B3D-A688F4CF3C80}.Debug|Any CPU.ActiveCfg = Debug|Any CPU
		{D023D064-C957-44B3-8B3D-A688F4CF3C80}.Debug|Any CPU.Build.0 = Debug|Any CPU
		{D023D064-C957-44B3-8B3D-A688F4CF3C80}.Release|Any CPU.ActiveCfg = Release|Any CPU
		{D023D064-C957-44B3-8B3D-A688F4CF3C80}.Release|Any CPU.Build.0 = Release|Any CPU
		{F35DF605-5EA5-43E0-8D51-F7AFE613E62D}.Debug|Any CPU.ActiveCfg = Debug|Any CPU
		{F35DF605-5EA5-43E0-8D51-F7AFE613E62D}.Debug|Any CPU.Build.0 = Debug|Any CPU
		{F35DF605-5EA5-43E0-8D51-F7AFE613E62D}.Release|Any CPU.ActiveCfg = Release|Any CPU
		{F35DF605-5EA5-43E0-8D51-F7AFE613E62D}.Release|Any CPU.Build.0 = Release|Any CPU
	EndGlobalSection
	GlobalSection(SolutionProperties) = preSolution
		HideSolutionNode = FALSE
	EndGlobalSection
	GlobalSection(ExtensibilityGlobals) = postSolution
		SolutionGuid = {6AB00216-77FA-490F-897C-2FD212E558E9}
	EndGlobalSection
EndGlobal
